
Microsoft Visual Studio Solution File, Format Version 12.00
# Visual Studio 15
VisualStudioVersion = 15.0.27130.2024
MinimumVisualStudioVersion = 10.0.40219.1
Project("{9A19103F-16F7-4668-BE54-9A1E7A4F7556}") = "Todo.Web", "Todo.Web\Todo.Web.csproj", "{B18DEC13-D682-4BF5-89F9-7CFCC94AA69F}"
EndProject
Project("{9A19103F-16F7-4668-BE54-9A1E7A4F7556}") = "Todo.Infrastructure", "Todo.Infrastructure\Todo.Infrastructure.csproj", "{AAD77915-0A75-42E6-933E-4326CA152DE2}"
EndProject
Project("{9A19103F-16F7-4668-BE54-9A1E7A4F7556}") = "Todo.Jobs", "Todo.Jobs\Todo.Jobs.csproj", "{E74A82C6-E671-4AFB-A531-A9086CCCFE71}"
EndProject
Project("{9A19103F-16F7-4668-BE54-9A1E7A4F7556}") = "Todo.Handlers", "Todo.Handlers\Todo.Handlers.csproj", "{7954E6A7-ED53-4CAD-8DA0-8865B441BBE6}"
EndProject
Project("{9A19103F-16F7-4668-BE54-9A1E7A4F7556}") = "Todo.Core", "Todo.Core\Todo.Core.csproj", "{F223D279-5E6C-4B1C-BF2B-118A442F3376}"
EndProject
Global
	GlobalSection(SolutionConfigurationPlatforms) = preSolution
		Debug|Any CPU = Debug|Any CPU
		Release|Any CPU = Release|Any CPU
	EndGlobalSection
	GlobalSection(ProjectConfigurationPlatforms) = postSolution
		{B18DEC13-D682-4BF5-89F9-7CFCC94AA69F}.Debug|Any CPU.ActiveCfg = Debug|Any CPU
		{B18DEC13-D682-4BF5-89F9-7CFCC94AA69F}.Debug|Any CPU.Build.0 = Debug|Any CPU
		{B18DEC13-D682-4BF5-89F9-7CFCC94AA69F}.Release|Any CPU.ActiveCfg = Release|Any CPU
		{B18DEC13-D682-4BF5-89F9-7CFCC94AA69F}.Release|Any CPU.Build.0 = Release|Any CPU
		{AAD77915-0A75-42E6-933E-4326CA152DE2}.Debug|Any CPU.ActiveCfg = Debug|Any CPU
		{AAD77915-0A75-42E6-933E-4326CA152DE2}.Debug|Any CPU.Build.0 = Debug|Any CPU
		{AAD77915-0A75-42E6-933E-4326CA152DE2}.Release|Any CPU.ActiveCfg = Release|Any CPU
		{AAD77915-0A75-42E6-933E-4326CA152DE2}.Release|Any CPU.Build.0 = Release|Any CPU
		{E74A82C6-E671-4AFB-A531-A9086CCCFE71}.Debug|Any CPU.ActiveCfg = Debug|Any CPU
		{E74A82C6-E671-4AFB-A531-A9086CCCFE71}.Debug|Any CPU.Build.0 = Debug|Any CPU
		{E74A82C6-E671-4AFB-A531-A9086CCCFE71}.Release|Any CPU.ActiveCfg = Release|Any CPU
		{E74A82C6-E671-4AFB-A531-A9086CCCFE71}.Release|Any CPU.Build.0 = Release|Any CPU
		{7954E6A7-ED53-4CAD-8DA0-8865B441BBE6}.Debug|Any CPU.ActiveCfg = Debug|Any CPU
		{7954E6A7-ED53-4CAD-8DA0-8865B441BBE6}.Debug|Any CPU.Build.0 = Debug|Any CPU
		{7954E6A7-ED53-4CAD-8DA0-8865B441BBE6}.Release|Any CPU.ActiveCfg = Release|Any CPU
		{7954E6A7-ED53-4CAD-8DA0-8865B441BBE6}.Release|Any CPU.Build.0 = Release|Any CPU
		{F223D279-5E6C-4B1C-BF2B-118A442F3376}.Debug|Any CPU.ActiveCfg = Debug|Any CPU
		{F223D279-5E6C-4B1C-BF2B-118A442F3376}.Debug|Any CPU.Build.0 = Debug|Any CPU
		{F223D279-5E6C-4B1C-BF2B-118A442F3376}.Release|Any CPU.ActiveCfg = Release|Any CPU
		{F223D279-5E6C-4B1C-BF2B-118A442F3376}.Release|Any CPU.Build.0 = Release|Any CPU
	EndGlobalSection
	GlobalSection(SolutionProperties) = preSolution
		HideSolutionNode = FALSE
	EndGlobalSection
	GlobalSection(ExtensibilityGlobals) = postSolution
		SolutionGuid = {EAAF04A4-9A06-4150-88C1-02E3676207C9}
	EndGlobalSection
EndGlobal
